
Microsoft Visual Studio Solution File, Format Version 12.00
# Visual Studio Version 16
VisualStudioVersion = 16.0.30114.105
MinimumVisualStudioVersion = 10.0.40219.1
Project("{FAE04EC0-301F-11D3-BF4B-00C04F79EFBC}") = "POS.WebApp", "POS.WebApp\POS.WebApp.csproj", "{2F60A25F-07AE-4F21-A8EA-CFBEFFB3091E}"
EndProject
Global
	GlobalSection(SolutionConfigurationPlatforms) = preSolution
		Debug|Any CPU = Debug|Any CPU
		Release|Any CPU = Release|Any CPU
	EndGlobalSection
	GlobalSection(ProjectConfigurationPlatforms) = postSolution
		{2F60A25F-07AE-4F21-A8EA-CFBEFFB3091E}.Debug|Any CPU.ActiveCfg = Debug|Any CPU
		{2F60A25F-07AE-4F21-A8EA-CFBEFFB3091E}.Debug|Any CPU.Build.0 = Debug|Any CPU
		{2F60A25F-07AE-4F21-A8EA-CFBEFFB3091E}.Release|Any CPU.ActiveCfg = Release|Any CPU
		{2F60A25F-07AE-4F21-A8EA-CFBEFFB3091E}.Release|Any CPU.Build.0 = Release|Any CPU
	EndGlobalSection
	GlobalSection(SolutionProperties) = preSolution
		HideSolutionNode = FALSE
	EndGlobalSection
	GlobalSection(ExtensibilityGlobals) = postSolution
		SolutionGuid = {3F38EA31-0334-454A-A285-FD15DB6F96FE}
	EndGlobalSection
EndGlobal
